
Microsoft Visual Studio Solution File, Format Version 12.00
# Visual Studio Version 17
VisualStudioVersion = 17.10.35027.167
MinimumVisualStudioVersion = 10.0.40219.1
Project("{FAE04EC0-301F-11D3-BF4B-00C04F79EFBC}") = "LibraryWebAPI", "LibraryWebAPI\LibraryWebAPI.csproj", "{DDBD7510-DBCF-4050-9E9A-61640A989346}"
EndProject
Project("{FAE04EC0-301F-11D3-BF4B-00C04F79EFBC}") = "LibraryDataAccess", "LibraryDataAccess\LibraryDataAccess.csproj", "{54EE72C6-0796-4DB5-BB51-2EBCFE525D9A}"
EndProject
Project("{FAE04EC0-301F-11D3-BF4B-00C04F79EFBC}") = "LibraryTest", "CategoryTest\LibraryTest.csproj", "{D177F2E7-015A-419A-AAE8-82AE7B5E8579}"
EndProject
Global
	GlobalSection(SolutionConfigurationPlatforms) = preSolution
		Debug|Any CPU = Debug|Any CPU
		Release|Any CPU = Release|Any CPU
	EndGlobalSection
	GlobalSection(ProjectConfigurationPlatforms) = postSolution
		{DDBD7510-DBCF-4050-9E9A-61640A989346}.Debug|Any CPU.ActiveCfg = Debug|Any CPU
		{DDBD7510-DBCF-4050-9E9A-61640A989346}.Debug|Any CPU.Build.0 = Debug|Any CPU
		{DDBD7510-DBCF-4050-9E9A-61640A989346}.Release|Any CPU.ActiveCfg = Release|Any CPU
		{DDBD7510-DBCF-4050-9E9A-61640A989346}.Release|Any CPU.Build.0 = Release|Any CPU
		{54EE72C6-0796-4DB5-BB51-2EBCFE525D9A}.Debug|Any CPU.ActiveCfg = Debug|Any CPU
		{54EE72C6-0796-4DB5-BB51-2EBCFE525D9A}.Debug|Any CPU.Build.0 = Debug|Any CPU
		{54EE72C6-0796-4DB5-BB51-2EBCFE525D9A}.Release|Any CPU.ActiveCfg = Release|Any CPU
		{54EE72C6-0796-4DB5-BB51-2EBCFE525D9A}.Release|Any CPU.Build.0 = Release|Any CPU
		{D177F2E7-015A-419A-AAE8-82AE7B5E8579}.Debug|Any CPU.ActiveCfg = Debug|Any CPU
		{D177F2E7-015A-419A-AAE8-82AE7B5E8579}.Debug|Any CPU.Build.0 = Debug|Any CPU
		{D177F2E7-015A-419A-AAE8-82AE7B5E8579}.Release|Any CPU.ActiveCfg = Release|Any CPU
		{D177F2E7-015A-419A-AAE8-82AE7B5E8579}.Release|Any CPU.Build.0 = Release|Any CPU
	EndGlobalSection
	GlobalSection(SolutionProperties) = preSolution
		HideSolutionNode = FALSE
	EndGlobalSection
	GlobalSection(ExtensibilityGlobals) = postSolution
		SolutionGuid = {3B3F2912-330E-48D5-B408-A0A0CD1571EC}
	EndGlobalSection
EndGlobal
