
Microsoft Visual Studio Solution File, Format Version 12.00
# Visual Studio Version 17
VisualStudioVersion = 17.10.35027.167
MinimumVisualStudioVersion = 10.0.40219.1
Project("{9A19103F-16F7-4668-BE54-9A1E7A4F7556}") = "LibraryWebAPI", "LibraryWebAPI\LibraryWebAPI.csproj", "{DDBD7510-DBCF-4050-9E9A-61640A989346}"
EndProject
Project("{9A19103F-16F7-4668-BE54-9A1E7A4F7556}") = "LibraryDataAccess", "LibraryDataAccess\LibraryDataAccess.csproj", "{54EE72C6-0796-4DB5-BB51-2EBCFE525D9A}"
EndProject
Project("{FAE04EC0-301F-11D3-BF4B-00C04F79EFBC}") = "Library.Core", "Library.Core\Library.Core.csproj", "{1D09E58C-4C54-448E-8020-42CAE20DC9D2}"
EndProject
Project("{FAE04EC0-301F-11D3-BF4B-00C04F79EFBC}") = "LibraryTests", "LibraryTests\LibraryTests.csproj", "{115F0F2A-28DA-44B4-9436-7E1984F79AAB}"
EndProject
Global
	GlobalSection(SolutionConfigurationPlatforms) = preSolution
		Debug|Any CPU = Debug|Any CPU
		Release|Any CPU = Release|Any CPU
	EndGlobalSection
	GlobalSection(ProjectConfigurationPlatforms) = postSolution
		{DDBD7510-DBCF-4050-9E9A-61640A989346}.Debug|Any CPU.ActiveCfg = Debug|Any CPU
		{DDBD7510-DBCF-4050-9E9A-61640A989346}.Debug|Any CPU.Build.0 = Debug|Any CPU
		{DDBD7510-DBCF-4050-9E9A-61640A989346}.Release|Any CPU.ActiveCfg = Release|Any CPU
		{DDBD7510-DBCF-4050-9E9A-61640A989346}.Release|Any CPU.Build.0 = Release|Any CPU
		{54EE72C6-0796-4DB5-BB51-2EBCFE525D9A}.Debug|Any CPU.ActiveCfg = Debug|Any CPU
		{54EE72C6-0796-4DB5-BB51-2EBCFE525D9A}.Debug|Any CPU.Build.0 = Debug|Any CPU
		{54EE72C6-0796-4DB5-BB51-2EBCFE525D9A}.Release|Any CPU.ActiveCfg = Release|Any CPU
		{54EE72C6-0796-4DB5-BB51-2EBCFE525D9A}.Release|Any CPU.Build.0 = Release|Any CPU
		{1D09E58C-4C54-448E-8020-42CAE20DC9D2}.Debug|Any CPU.ActiveCfg = Debug|Any CPU
		{1D09E58C-4C54-448E-8020-42CAE20DC9D2}.Debug|Any CPU.Build.0 = Debug|Any CPU
		{1D09E58C-4C54-448E-8020-42CAE20DC9D2}.Release|Any CPU.ActiveCfg = Release|Any CPU
		{1D09E58C-4C54-448E-8020-42CAE20DC9D2}.Release|Any CPU.Build.0 = Release|Any CPU
		{115F0F2A-28DA-44B4-9436-7E1984F79AAB}.Debug|Any CPU.ActiveCfg = Debug|Any CPU
		{115F0F2A-28DA-44B4-9436-7E1984F79AAB}.Debug|Any CPU.Build.0 = Debug|Any CPU
		{115F0F2A-28DA-44B4-9436-7E1984F79AAB}.Release|Any CPU.ActiveCfg = Release|Any CPU
		{115F0F2A-28DA-44B4-9436-7E1984F79AAB}.Release|Any CPU.Build.0 = Release|Any CPU
	EndGlobalSection
	GlobalSection(SolutionProperties) = preSolution
		HideSolutionNode = FALSE
	EndGlobalSection
	GlobalSection(ExtensibilityGlobals) = postSolution
		SolutionGuid = {3B3F2912-330E-48D5-B408-A0A0CD1571EC}
	EndGlobalSection
EndGlobal
